
Microsoft Visual Studio Solution File, Format Version 12.00
# Visual Studio Version 17
VisualStudioVersion = 17.12.35514.174
MinimumVisualStudioVersion = 10.0.40219.1
Project("{FAE04EC0-301F-11D3-BF4B-00C04F79EFBC}") = "SharedKernel", "SharedKernel\SharedKernel.csproj", "{F1E0CA46-2296-4D5D-9DE6-8C7708638D0C}"
EndProject
Project("{2150E333-8FDC-42A3-9474-1A3956D46DE8}") = "AuthenticationService", "AuthenticationService", "{9011BCE2-5677-44EF-B4D0-71DE7EB90890}"
EndProject
Project("{2150E333-8FDC-42A3-9474-1A3956D46DE8}") = "src", "src", "{85BF55BB-CA33-48AC-B695-CC25EBD2F2F8}"
EndProject
Project("{2150E333-8FDC-42A3-9474-1A3956D46DE8}") = "tests", "tests", "{3918878A-BF72-4211-B77E-8A4D01CD6E06}"
EndProject
Project("{FAE04EC0-301F-11D3-BF4B-00C04F79EFBC}") = "AuthenticationService.Api", "AuthenticationService\src\AuthenticationService.Api\AuthenticationService.Api.csproj", "{1A7CBD12-6320-46C5-A955-26FC2DDA27AE}"
EndProject
Project("{FAE04EC0-301F-11D3-BF4B-00C04F79EFBC}") = "AuthenticationService.Domain", "AuthenticationService\src\AuthenticationService.Domain\AuthenticationService.Domain.csproj", "{5EE955ED-2D89-4B5B-81A2-2B1618BDC7AE}"
EndProject
Project("{2150E333-8FDC-42A3-9474-1A3956D46DE8}") = "requests", "requests", "{3A04C087-395E-4FA2-8C50-02821A9CEE23}"
	ProjectSection(SolutionItems) = preProject
		RegisterNewUser.http = RegisterNewUser.http
	EndProjectSection
EndProject
Project("{FAE04EC0-301F-11D3-BF4B-00C04F79EFBC}") = "AuthenticationService.Domain.UnitTests", "AuthenticationService\tests\AuthenticationService.Domain.UnitTests\AuthenticationService.Domain.UnitTests.csproj", "{9A0E7051-61D8-4F6C-86C2-5060596A9F4E}"
EndProject
Project("{FAE04EC0-301F-11D3-BF4B-00C04F79EFBC}") = "ApiShared", "ApiShared\ApiShared.csproj", "{E79B5F3C-518C-43EE-AAF5-7DC10D269C55}"
EndProject
Project("{FAE04EC0-301F-11D3-BF4B-00C04F79EFBC}") = "AuthenticationService.Application", "AuthenticationService\src\AuthenticationService.Application\AuthenticationService.Application.csproj", "{AC1A9CFA-53D2-40CA-91C4-474AFE438194}"
EndProject
Project("{FAE04EC0-301F-11D3-BF4B-00C04F79EFBC}") = "AuthenticationService.Infrastructure", "AuthenticationService\src\AuthenticationService.Infrastructure\AuthenticationService.Infrastructure.csproj", "{B51C744C-0328-4CDC-8C3E-7907F794C230}"
EndProject
Project("{FAE04EC0-301F-11D3-BF4B-00C04F79EFBC}") = "TestCreationService.Api", "TestCreationService\src\TestCreationService.Api\TestCreationService.Api.csproj", "{E5DDCD9D-B439-4C1D-AA66-885C4AB7D68E}"
EndProject
Project("{2150E333-8FDC-42A3-9474-1A3956D46DE8}") = "TestCreationService", "TestCreationService", "{D95161BC-E67D-453C-95B8-84949DEA110F}"
EndProject
Project("{2150E333-8FDC-42A3-9474-1A3956D46DE8}") = "src", "src", "{792E856B-D8D3-4297-886F-94956A5283BB}"
EndProject
Project("{FAE04EC0-301F-11D3-BF4B-00C04F79EFBC}") = "TestCatalogService.Api", "TestCatalogService\src\TestCatalogService.Api\TestCatalogService.Api.csproj", "{141F3D38-E3E1-40DD-8E61-4CEAEE59B423}"
EndProject
Project("{2150E333-8FDC-42A3-9474-1A3956D46DE8}") = "TestCatalogService", "TestCatalogService", "{F492B5DB-099E-474F-816E-D73401C75FD1}"
EndProject
Project("{2150E333-8FDC-42A3-9474-1A3956D46DE8}") = "src", "src", "{310B6B9D-7AEC-4DC1-954A-A752BABB0E2B}"
EndProject
Project("{FAE04EC0-301F-11D3-BF4B-00C04F79EFBC}") = "TestCreationService.Application", "TestCreationService\src\TestCreationService.Application\TestCreationService.Application.csproj", "{CA790B28-393A-48A2-BD30-710DA55DC725}"
EndProject
Project("{FAE04EC0-301F-11D3-BF4B-00C04F79EFBC}") = "TestCreationService.Infrastructure", "TestCreationService\src\TestCreationService.Infrastructure\TestCreationService.Infrastructure.csproj", "{114487EB-A4D8-4DAC-BBE4-DD6DA02132E9}"
EndProject
Project("{FAE04EC0-301F-11D3-BF4B-00C04F79EFBC}") = "TestCreationService.Domain", "TestCreationService\src\TestCreationService.Domain\TestCreationService.Domain.csproj", "{C9FA8C2F-8635-4400-A285-22CB7B069AB7}"
EndProject
Project("{FAE04EC0-301F-11D3-BF4B-00C04F79EFBC}") = "TestCatalogService.Application", "TestCatalogService\src\TestCatalogService.Application\TestCatalogService.Application.csproj", "{FB2448A1-AEF3-4EF5-A1EC-7C5E09E1F30C}"
EndProject
Project("{FAE04EC0-301F-11D3-BF4B-00C04F79EFBC}") = "TestCatalogService.Domain", "TestCatalogService\src\TestCatalogService.Domain\TestCatalogService.Domain.csproj", "{B2E67E11-B189-417B-9B4C-58C12909B36A}"
EndProject
Project("{FAE04EC0-301F-11D3-BF4B-00C04F79EFBC}") = "TestCatalogService.Infrastructure", "TestCatalogService\src\TestCatalogService.Infrastructure\TestCatalogService.Infrastructure.csproj", "{90E5DFA5-C555-4E93-AAA1-23763D696A55}"
EndProject
Project("{FAE04EC0-301F-11D3-BF4B-00C04F79EFBC}") = "InfrastructureConfigurationShared", "InfrastructureConfigurationShared\InfrastructureConfigurationShared.csproj", "{DEEE1146-7B3E-481A-9DBA-786CC69C524C}"
EndProject
Global
	GlobalSection(SolutionConfigurationPlatforms) = preSolution
		Debug|Any CPU = Debug|Any CPU
		Release|Any CPU = Release|Any CPU
	EndGlobalSection
	GlobalSection(ProjectConfigurationPlatforms) = postSolution
		{F1E0CA46-2296-4D5D-9DE6-8C7708638D0C}.Debug|Any CPU.ActiveCfg = Debug|Any CPU
		{F1E0CA46-2296-4D5D-9DE6-8C7708638D0C}.Debug|Any CPU.Build.0 = Debug|Any CPU
		{F1E0CA46-2296-4D5D-9DE6-8C7708638D0C}.Release|Any CPU.ActiveCfg = Release|Any CPU
		{F1E0CA46-2296-4D5D-9DE6-8C7708638D0C}.Release|Any CPU.Build.0 = Release|Any CPU
		{1A7CBD12-6320-46C5-A955-26FC2DDA27AE}.Debug|Any CPU.ActiveCfg = Debug|Any CPU
		{1A7CBD12-6320-46C5-A955-26FC2DDA27AE}.Debug|Any CPU.Build.0 = Debug|Any CPU
		{1A7CBD12-6320-46C5-A955-26FC2DDA27AE}.Release|Any CPU.ActiveCfg = Release|Any CPU
		{1A7CBD12-6320-46C5-A955-26FC2DDA27AE}.Release|Any CPU.Build.0 = Release|Any CPU
		{5EE955ED-2D89-4B5B-81A2-2B1618BDC7AE}.Debug|Any CPU.ActiveCfg = Debug|Any CPU
		{5EE955ED-2D89-4B5B-81A2-2B1618BDC7AE}.Debug|Any CPU.Build.0 = Debug|Any CPU
		{5EE955ED-2D89-4B5B-81A2-2B1618BDC7AE}.Release|Any CPU.ActiveCfg = Release|Any CPU
		{5EE955ED-2D89-4B5B-81A2-2B1618BDC7AE}.Release|Any CPU.Build.0 = Release|Any CPU
		{9A0E7051-61D8-4F6C-86C2-5060596A9F4E}.Debug|Any CPU.ActiveCfg = Debug|Any CPU
		{9A0E7051-61D8-4F6C-86C2-5060596A9F4E}.Debug|Any CPU.Build.0 = Debug|Any CPU
		{9A0E7051-61D8-4F6C-86C2-5060596A9F4E}.Release|Any CPU.ActiveCfg = Release|Any CPU
		{9A0E7051-61D8-4F6C-86C2-5060596A9F4E}.Release|Any CPU.Build.0 = Release|Any CPU
		{E79B5F3C-518C-43EE-AAF5-7DC10D269C55}.Debug|Any CPU.ActiveCfg = Debug|Any CPU
		{E79B5F3C-518C-43EE-AAF5-7DC10D269C55}.Debug|Any CPU.Build.0 = Debug|Any CPU
		{E79B5F3C-518C-43EE-AAF5-7DC10D269C55}.Release|Any CPU.ActiveCfg = Release|Any CPU
		{E79B5F3C-518C-43EE-AAF5-7DC10D269C55}.Release|Any CPU.Build.0 = Release|Any CPU
		{AC1A9CFA-53D2-40CA-91C4-474AFE438194}.Debug|Any CPU.ActiveCfg = Debug|Any CPU
		{AC1A9CFA-53D2-40CA-91C4-474AFE438194}.Debug|Any CPU.Build.0 = Debug|Any CPU
		{AC1A9CFA-53D2-40CA-91C4-474AFE438194}.Release|Any CPU.ActiveCfg = Release|Any CPU
		{AC1A9CFA-53D2-40CA-91C4-474AFE438194}.Release|Any CPU.Build.0 = Release|Any CPU
		{B51C744C-0328-4CDC-8C3E-7907F794C230}.Debug|Any CPU.ActiveCfg = Debug|Any CPU
		{B51C744C-0328-4CDC-8C3E-7907F794C230}.Debug|Any CPU.Build.0 = Debug|Any CPU
		{B51C744C-0328-4CDC-8C3E-7907F794C230}.Release|Any CPU.ActiveCfg = Release|Any CPU
		{B51C744C-0328-4CDC-8C3E-7907F794C230}.Release|Any CPU.Build.0 = Release|Any CPU
		{E5DDCD9D-B439-4C1D-AA66-885C4AB7D68E}.Debug|Any CPU.ActiveCfg = Debug|Any CPU
		{E5DDCD9D-B439-4C1D-AA66-885C4AB7D68E}.Debug|Any CPU.Build.0 = Debug|Any CPU
		{E5DDCD9D-B439-4C1D-AA66-885C4AB7D68E}.Release|Any CPU.ActiveCfg = Release|Any CPU
		{E5DDCD9D-B439-4C1D-AA66-885C4AB7D68E}.Release|Any CPU.Build.0 = Release|Any CPU
		{141F3D38-E3E1-40DD-8E61-4CEAEE59B423}.Debug|Any CPU.ActiveCfg = Debug|Any CPU
		{141F3D38-E3E1-40DD-8E61-4CEAEE59B423}.Debug|Any CPU.Build.0 = Debug|Any CPU
		{141F3D38-E3E1-40DD-8E61-4CEAEE59B423}.Release|Any CPU.ActiveCfg = Release|Any CPU
		{141F3D38-E3E1-40DD-8E61-4CEAEE59B423}.Release|Any CPU.Build.0 = Release|Any CPU
		{CA790B28-393A-48A2-BD30-710DA55DC725}.Debug|Any CPU.ActiveCfg = Debug|Any CPU
		{CA790B28-393A-48A2-BD30-710DA55DC725}.Debug|Any CPU.Build.0 = Debug|Any CPU
		{CA790B28-393A-48A2-BD30-710DA55DC725}.Release|Any CPU.ActiveCfg = Release|Any CPU
		{CA790B28-393A-48A2-BD30-710DA55DC725}.Release|Any CPU.Build.0 = Release|Any CPU
		{114487EB-A4D8-4DAC-BBE4-DD6DA02132E9}.Debug|Any CPU.ActiveCfg = Debug|Any CPU
		{114487EB-A4D8-4DAC-BBE4-DD6DA02132E9}.Debug|Any CPU.Build.0 = Debug|Any CPU
		{114487EB-A4D8-4DAC-BBE4-DD6DA02132E9}.Release|Any CPU.ActiveCfg = Release|Any CPU
		{114487EB-A4D8-4DAC-BBE4-DD6DA02132E9}.Release|Any CPU.Build.0 = Release|Any CPU
		{C9FA8C2F-8635-4400-A285-22CB7B069AB7}.Debug|Any CPU.ActiveCfg = Debug|Any CPU
		{C9FA8C2F-8635-4400-A285-22CB7B069AB7}.Debug|Any CPU.Build.0 = Debug|Any CPU
		{C9FA8C2F-8635-4400-A285-22CB7B069AB7}.Release|Any CPU.ActiveCfg = Release|Any CPU
		{C9FA8C2F-8635-4400-A285-22CB7B069AB7}.Release|Any CPU.Build.0 = Release|Any CPU
		{FB2448A1-AEF3-4EF5-A1EC-7C5E09E1F30C}.Debug|Any CPU.ActiveCfg = Debug|Any CPU
		{FB2448A1-AEF3-4EF5-A1EC-7C5E09E1F30C}.Debug|Any CPU.Build.0 = Debug|Any CPU
		{FB2448A1-AEF3-4EF5-A1EC-7C5E09E1F30C}.Release|Any CPU.ActiveCfg = Release|Any CPU
		{FB2448A1-AEF3-4EF5-A1EC-7C5E09E1F30C}.Release|Any CPU.Build.0 = Release|Any CPU
		{B2E67E11-B189-417B-9B4C-58C12909B36A}.Debug|Any CPU.ActiveCfg = Debug|Any CPU
		{B2E67E11-B189-417B-9B4C-58C12909B36A}.Debug|Any CPU.Build.0 = Debug|Any CPU
		{B2E67E11-B189-417B-9B4C-58C12909B36A}.Release|Any CPU.ActiveCfg = Release|Any CPU
		{B2E67E11-B189-417B-9B4C-58C12909B36A}.Release|Any CPU.Build.0 = Release|Any CPU
		{90E5DFA5-C555-4E93-AAA1-23763D696A55}.Debug|Any CPU.ActiveCfg = Debug|Any CPU
		{90E5DFA5-C555-4E93-AAA1-23763D696A55}.Debug|Any CPU.Build.0 = Debug|Any CPU
		{90E5DFA5-C555-4E93-AAA1-23763D696A55}.Release|Any CPU.ActiveCfg = Release|Any CPU
		{90E5DFA5-C555-4E93-AAA1-23763D696A55}.Release|Any CPU.Build.0 = Release|Any CPU
		{DEEE1146-7B3E-481A-9DBA-786CC69C524C}.Debug|Any CPU.ActiveCfg = Debug|Any CPU
		{DEEE1146-7B3E-481A-9DBA-786CC69C524C}.Debug|Any CPU.Build.0 = Debug|Any CPU
		{DEEE1146-7B3E-481A-9DBA-786CC69C524C}.Release|Any CPU.ActiveCfg = Release|Any CPU
		{DEEE1146-7B3E-481A-9DBA-786CC69C524C}.Release|Any CPU.Build.0 = Release|Any CPU
	EndGlobalSection
	GlobalSection(SolutionProperties) = preSolution
		HideSolutionNode = FALSE
	EndGlobalSection
	GlobalSection(NestedProjects) = preSolution
		{85BF55BB-CA33-48AC-B695-CC25EBD2F2F8} = {9011BCE2-5677-44EF-B4D0-71DE7EB90890}
		{3918878A-BF72-4211-B77E-8A4D01CD6E06} = {9011BCE2-5677-44EF-B4D0-71DE7EB90890}
		{1A7CBD12-6320-46C5-A955-26FC2DDA27AE} = {85BF55BB-CA33-48AC-B695-CC25EBD2F2F8}
		{5EE955ED-2D89-4B5B-81A2-2B1618BDC7AE} = {85BF55BB-CA33-48AC-B695-CC25EBD2F2F8}
		{3A04C087-395E-4FA2-8C50-02821A9CEE23} = {9011BCE2-5677-44EF-B4D0-71DE7EB90890}
		{9A0E7051-61D8-4F6C-86C2-5060596A9F4E} = {3918878A-BF72-4211-B77E-8A4D01CD6E06}
		{AC1A9CFA-53D2-40CA-91C4-474AFE438194} = {85BF55BB-CA33-48AC-B695-CC25EBD2F2F8}
		{B51C744C-0328-4CDC-8C3E-7907F794C230} = {85BF55BB-CA33-48AC-B695-CC25EBD2F2F8}
		{E5DDCD9D-B439-4C1D-AA66-885C4AB7D68E} = {792E856B-D8D3-4297-886F-94956A5283BB}
		{792E856B-D8D3-4297-886F-94956A5283BB} = {D95161BC-E67D-453C-95B8-84949DEA110F}
		{141F3D38-E3E1-40DD-8E61-4CEAEE59B423} = {310B6B9D-7AEC-4DC1-954A-A752BABB0E2B}
		{310B6B9D-7AEC-4DC1-954A-A752BABB0E2B} = {F492B5DB-099E-474F-816E-D73401C75FD1}
		{CA790B28-393A-48A2-BD30-710DA55DC725} = {792E856B-D8D3-4297-886F-94956A5283BB}
		{114487EB-A4D8-4DAC-BBE4-DD6DA02132E9} = {792E856B-D8D3-4297-886F-94956A5283BB}
		{C9FA8C2F-8635-4400-A285-22CB7B069AB7} = {792E856B-D8D3-4297-886F-94956A5283BB}
		{FB2448A1-AEF3-4EF5-A1EC-7C5E09E1F30C} = {310B6B9D-7AEC-4DC1-954A-A752BABB0E2B}
		{B2E67E11-B189-417B-9B4C-58C12909B36A} = {310B6B9D-7AEC-4DC1-954A-A752BABB0E2B}
		{90E5DFA5-C555-4E93-AAA1-23763D696A55} = {310B6B9D-7AEC-4DC1-954A-A752BABB0E2B}
	EndGlobalSection
EndGlobal
